// !$*UTF8*$!
{
	archiveVersion = 1;
	classes = {
	};
	objectVersion = 56;
	objects = {

/* Begin PBXBuildFile section */
		43504EE7767E39FBB48F2381 /* Pods_iDC_Project.framework in Frameworks */ = {isa = PBXBuildFile; fileRef = A0185F4825B9C887EF75F28F /* Pods_iDC_Project.framework */; };
		450804DD29B36F6500A0F8B4 /* ViewModelType.swift in Sources */ = {isa = PBXBuildFile; fileRef = 450804DC29B36F6500A0F8B4 /* ViewModelType.swift */; };
		45139AEB29B1C59F00B0A7D5 /* PostDetailiViewController.swift in Sources */ = {isa = PBXBuildFile; fileRef = 45139AEA29B1C59F00B0A7D5 /* PostDetailiViewController.swift */; };
		454BAD1F29ADA0B100823368 /* AlarmViewController.swift in Sources */ = {isa = PBXBuildFile; fileRef = 454BAD1E29ADA0B100823368 /* AlarmViewController.swift */; };
		454BAD2129ADA0C800823368 /* SettingViewController.swift in Sources */ = {isa = PBXBuildFile; fileRef = 454BAD2029ADA0C800823368 /* SettingViewController.swift */; };
		454BAD2329ADA1B700823368 /* AddPostViewController.swift in Sources */ = {isa = PBXBuildFile; fileRef = 454BAD2229ADA1B700823368 /* AddPostViewController.swift */; };
		454BAD2629ADA64800823368 /* HomeTableViewCell.swift in Sources */ = {isa = PBXBuildFile; fileRef = 454BAD2529ADA64800823368 /* HomeTableViewCell.swift */; };
		454BAD2829ADA66600823368 /* MessageTableViewCell.swift in Sources */ = {isa = PBXBuildFile; fileRef = 454BAD2729ADA66600823368 /* MessageTableViewCell.swift */; };
		454BAD2A29ADA68000823368 /* AlarmTableViewCell.swift in Sources */ = {isa = PBXBuildFile; fileRef = 454BAD2929ADA68000823368 /* AlarmTableViewCell.swift */; };
		454BAD2C29ADBFBA00823368 /* PostViewModel.swift in Sources */ = {isa = PBXBuildFile; fileRef = 454BAD2B29ADBFBA00823368 /* PostViewModel.swift */; };
		454BAD3629ADC2E500823368 /* PostForm.swift in Sources */ = {isa = PBXBuildFile; fileRef = 454BAD3529ADC2E500823368 /* PostForm.swift */; };
		454BAD3829ADCD4300823368 /* ViewPost.swift in Sources */ = {isa = PBXBuildFile; fileRef = 454BAD3729ADCD4300823368 /* ViewPost.swift */; };
		457754FA29A7813A00EA8AFB /* AppDelegate.swift in Sources */ = {isa = PBXBuildFile; fileRef = 457754F929A7813A00EA8AFB /* AppDelegate.swift */; };
		457754FC29A7813A00EA8AFB /* SceneDelegate.swift in Sources */ = {isa = PBXBuildFile; fileRef = 457754FB29A7813A00EA8AFB /* SceneDelegate.swift */; };
		457754FE29A7813A00EA8AFB /* HomeViewController.swift in Sources */ = {isa = PBXBuildFile; fileRef = 457754FD29A7813A00EA8AFB /* HomeViewController.swift */; };
		4577550329A7813B00EA8AFB /* Assets.xcassets in Resources */ = {isa = PBXBuildFile; fileRef = 4577550229A7813B00EA8AFB /* Assets.xcassets */; };
		4577550629A7813B00EA8AFB /* LaunchScreen.storyboard in Resources */ = {isa = PBXBuildFile; fileRef = 4577550429A7813B00EA8AFB /* LaunchScreen.storyboard */; };
		4577550E29AAE27B00EA8AFB /* TabBarController.swift in Sources */ = {isa = PBXBuildFile; fileRef = 4577550D29AAE27B00EA8AFB /* TabBarController.swift */; };
		4577551029AAE8C900EA8AFB /* MessageViewController.swift in Sources */ = {isa = PBXBuildFile; fileRef = 4577550F29AAE8C900EA8AFB /* MessageViewController.swift */; };
		45D85C5B29AF273C0057FB15 /* SignViewController.swift in Sources */ = {isa = PBXBuildFile; fileRef = 45D85C5A29AF273C0057FB15 /* SignViewController.swift */; };
		45D85C5E29AF667B0057FB15 /* Utils.swift in Sources */ = {isa = PBXBuildFile; fileRef = 45D85C5D29AF667B0057FB15 /* Utils.swift */; };
/* End PBXBuildFile section */

/* Begin PBXFileReference section */
		3B2F435EE178C706A92DA3A2 /* Pods-iDC_Project.release.xcconfig */ = {isa = PBXFileReference; includeInIndex = 1; lastKnownFileType = text.xcconfig; name = "Pods-iDC_Project.release.xcconfig"; path = "Target Support Files/Pods-iDC_Project/Pods-iDC_Project.release.xcconfig"; sourceTree = "<group>"; };
		450804DC29B36F6500A0F8B4 /* ViewModelType.swift */ = {isa = PBXFileReference; lastKnownFileType = sourcecode.swift; path = ViewModelType.swift; sourceTree = "<group>"; };
		45139AEA29B1C59F00B0A7D5 /* PostDetailiViewController.swift */ = {isa = PBXFileReference; lastKnownFileType = sourcecode.swift; path = PostDetailiViewController.swift; sourceTree = "<group>"; };
		454BAD1E29ADA0B100823368 /* AlarmViewController.swift */ = {isa = PBXFileReference; lastKnownFileType = sourcecode.swift; path = AlarmViewController.swift; sourceTree = "<group>"; };
		454BAD2029ADA0C800823368 /* SettingViewController.swift */ = {isa = PBXFileReference; lastKnownFileType = sourcecode.swift; path = SettingViewController.swift; sourceTree = "<group>"; };
		454BAD2229ADA1B700823368 /* AddPostViewController.swift */ = {isa = PBXFileReference; lastKnownFileType = sourcecode.swift; path = AddPostViewController.swift; sourceTree = "<group>"; };
		454BAD2529ADA64800823368 /* HomeTableViewCell.swift */ = {isa = PBXFileReference; lastKnownFileType = sourcecode.swift; path = HomeTableViewCell.swift; sourceTree = "<group>"; };
		454BAD2729ADA66600823368 /* MessageTableViewCell.swift */ = {isa = PBXFileReference; lastKnownFileType = sourcecode.swift; path = MessageTableViewCell.swift; sourceTree = "<group>"; };
		454BAD2929ADA68000823368 /* AlarmTableViewCell.swift */ = {isa = PBXFileReference; lastKnownFileType = sourcecode.swift; path = AlarmTableViewCell.swift; sourceTree = "<group>"; };
		454BAD2B29ADBFBA00823368 /* PostViewModel.swift */ = {isa = PBXFileReference; lastKnownFileType = sourcecode.swift; path = PostViewModel.swift; sourceTree = "<group>"; };
		454BAD3529ADC2E500823368 /* PostForm.swift */ = {isa = PBXFileReference; lastKnownFileType = sourcecode.swift; path = PostForm.swift; sourceTree = "<group>"; };
		454BAD3729ADCD4300823368 /* ViewPost.swift */ = {isa = PBXFileReference; lastKnownFileType = sourcecode.swift; path = ViewPost.swift; sourceTree = "<group>"; };
		457754F629A7813A00EA8AFB /* iDC_Project.app */ = {isa = PBXFileReference; explicitFileType = wrapper.application; includeInIndex = 0; path = iDC_Project.app; sourceTree = BUILT_PRODUCTS_DIR; };
		457754F929A7813A00EA8AFB /* AppDelegate.swift */ = {isa = PBXFileReference; lastKnownFileType = sourcecode.swift; path = AppDelegate.swift; sourceTree = "<group>"; };
		457754FB29A7813A00EA8AFB /* SceneDelegate.swift */ = {isa = PBXFileReference; lastKnownFileType = sourcecode.swift; path = SceneDelegate.swift; sourceTree = "<group>"; };
		457754FD29A7813A00EA8AFB /* HomeViewController.swift */ = {isa = PBXFileReference; lastKnownFileType = sourcecode.swift; path = HomeViewController.swift; sourceTree = "<group>"; };
		4577550229A7813B00EA8AFB /* Assets.xcassets */ = {isa = PBXFileReference; lastKnownFileType = folder.assetcatalog; path = Assets.xcassets; sourceTree = "<group>"; };
		4577550529A7813B00EA8AFB /* Base */ = {isa = PBXFileReference; lastKnownFileType = file.storyboard; name = Base; path = Base.lproj/LaunchScreen.storyboard; sourceTree = "<group>"; };
		4577550729A7813B00EA8AFB /* Info.plist */ = {isa = PBXFileReference; lastKnownFileType = text.plist.xml; path = Info.plist; sourceTree = "<group>"; };
		4577550D29AAE27B00EA8AFB /* TabBarController.swift */ = {isa = PBXFileReference; lastKnownFileType = sourcecode.swift; path = TabBarController.swift; sourceTree = "<group>"; };
		4577550F29AAE8C900EA8AFB /* MessageViewController.swift */ = {isa = PBXFileReference; lastKnownFileType = sourcecode.swift; path = MessageViewController.swift; sourceTree = "<group>"; };
		45D85C5A29AF273C0057FB15 /* SignViewController.swift */ = {isa = PBXFileReference; lastKnownFileType = sourcecode.swift; path = SignViewController.swift; sourceTree = "<group>"; };
		45D85C5D29AF667B0057FB15 /* Utils.swift */ = {isa = PBXFileReference; lastKnownFileType = sourcecode.swift; path = Utils.swift; sourceTree = "<group>"; };
		60EC35E378E18D626A2A9CDF /* Pods-iDC_Project.debug.xcconfig */ = {isa = PBXFileReference; includeInIndex = 1; lastKnownFileType = text.xcconfig; name = "Pods-iDC_Project.debug.xcconfig"; path = "Target Support Files/Pods-iDC_Project/Pods-iDC_Project.debug.xcconfig"; sourceTree = "<group>"; };
		A0185F4825B9C887EF75F28F /* Pods_iDC_Project.framework */ = {isa = PBXFileReference; explicitFileType = wrapper.framework; includeInIndex = 0; path = Pods_iDC_Project.framework; sourceTree = BUILT_PRODUCTS_DIR; };
/* End PBXFileReference section */

/* Begin PBXFrameworksBuildPhase section */
		457754F329A7813A00EA8AFB /* Frameworks */ = {
			isa = PBXFrameworksBuildPhase;
			buildActionMask = 2147483647;
			files = (
				43504EE7767E39FBB48F2381 /* Pods_iDC_Project.framework in Frameworks */,
			);
			runOnlyForDeploymentPostprocessing = 0;
		};
/* End PBXFrameworksBuildPhase section */

/* Begin PBXGroup section */
		450804DB29B36F4800A0F8B4 /* Common */ = {
			isa = PBXGroup;
			children = (
				450804DC29B36F6500A0F8B4 /* ViewModelType.swift */,
			);
			path = Common;
			sourceTree = "<group>";
		};
		454BAD1A29AD9E8F00823368 /* Delegate */ = {
			isa = PBXGroup;
			children = (
				457754F929A7813A00EA8AFB /* AppDelegate.swift */,
				457754FB29A7813A00EA8AFB /* SceneDelegate.swift */,
			);
			path = Delegate;
			sourceTree = "<group>";
		};
		454BAD1B29AD9F7000823368 /* View */ = {
			isa = PBXGroup;
			children = (
				45D85C5A29AF273C0057FB15 /* SignViewController.swift */,
				4577550D29AAE27B00EA8AFB /* TabBarController.swift */,
				457754FD29A7813A00EA8AFB /* HomeViewController.swift */,
				45139AEA29B1C59F00B0A7D5 /* PostDetailiViewController.swift */,
				4577550F29AAE8C900EA8AFB /* MessageViewController.swift */,
				454BAD1E29ADA0B100823368 /* AlarmViewController.swift */,
				454BAD2029ADA0C800823368 /* SettingViewController.swift */,
				454BAD2229ADA1B700823368 /* AddPostViewController.swift */,
				454BAD2429ADA25D00823368 /* Cell */,
			);
			path = View;
			sourceTree = "<group>";
		};
		454BAD1C29AD9FAB00823368 /* ViewModel */ = {
			isa = PBXGroup;
			children = (
				454BAD3729ADCD4300823368 /* ViewPost.swift */,
				454BAD2B29ADBFBA00823368 /* PostViewModel.swift */,
			);
			path = ViewModel;
			sourceTree = "<group>";
		};
		454BAD1D29AD9FBD00823368 /* Model */ = {
			isa = PBXGroup;
			children = (
				454BAD3529ADC2E500823368 /* PostForm.swift */,
			);
			path = Model;
			sourceTree = "<group>";
		};
		454BAD2429ADA25D00823368 /* Cell */ = {
			isa = PBXGroup;
			children = (
				454BAD2529ADA64800823368 /* HomeTableViewCell.swift */,
				454BAD2729ADA66600823368 /* MessageTableViewCell.swift */,
				454BAD2929ADA68000823368 /* AlarmTableViewCell.swift */,
			);
			path = Cell;
			sourceTree = "<group>";
		};
		457754ED29A7813A00EA8AFB = {
			isa = PBXGroup;
			children = (
				457754F829A7813A00EA8AFB /* iDC_Project */,
				457754F729A7813A00EA8AFB /* Products */,
				9EBFF9485F39E3DEF3808BCF /* Pods */,
				B9C757E77420B0E8B10B237F /* Frameworks */,
			);
			sourceTree = "<group>";
		};
		457754F729A7813A00EA8AFB /* Products */ = {
			isa = PBXGroup;
			children = (
				457754F629A7813A00EA8AFB /* iDC_Project.app */,
			);
			name = Products;
			sourceTree = "<group>";
		};
		457754F829A7813A00EA8AFB /* iDC_Project */ = {
			isa = PBXGroup;
			children = (
				454BAD1A29AD9E8F00823368 /* Delegate */,
				454BAD1D29AD9FBD00823368 /* Model */,
				450804DB29B36F4800A0F8B4 /* Common */,
				454BAD1B29AD9F7000823368 /* View */,
				454BAD1C29AD9FAB00823368 /* ViewModel */,
				45D85C5C29AF66570057FB15 /* Utils */,
				4577550229A7813B00EA8AFB /* Assets.xcassets */,
				4577550429A7813B00EA8AFB /* LaunchScreen.storyboard */,
				4577550729A7813B00EA8AFB /* Info.plist */,
			);
			path = iDC_Project;
			sourceTree = "<group>";
		};
		45D85C5C29AF66570057FB15 /* Utils */ = {
			isa = PBXGroup;
			children = (
				45D85C5D29AF667B0057FB15 /* Utils.swift */,
			);
			path = Utils;
			sourceTree = "<group>";
		};
		9EBFF9485F39E3DEF3808BCF /* Pods */ = {
			isa = PBXGroup;
			children = (
				60EC35E378E18D626A2A9CDF /* Pods-iDC_Project.debug.xcconfig */,
				3B2F435EE178C706A92DA3A2 /* Pods-iDC_Project.release.xcconfig */,
			);
			path = Pods;
			sourceTree = "<group>";
		};
		B9C757E77420B0E8B10B237F /* Frameworks */ = {
			isa = PBXGroup;
			children = (
				A0185F4825B9C887EF75F28F /* Pods_iDC_Project.framework */,
			);
			name = Frameworks;
			sourceTree = "<group>";
		};
/* End PBXGroup section */

/* Begin PBXNativeTarget section */
		457754F529A7813A00EA8AFB /* iDC_Project */ = {
			isa = PBXNativeTarget;
			buildConfigurationList = 4577550A29A7813B00EA8AFB /* Build configuration list for PBXNativeTarget "iDC_Project" */;
			buildPhases = (
				52C65A1540EE2C662BA5E3F8 /* [CP] Check Pods Manifest.lock */,
				457754F229A7813A00EA8AFB /* Sources */,
				457754F329A7813A00EA8AFB /* Frameworks */,
				457754F429A7813A00EA8AFB /* Resources */,
				5A86BBD6435BC05D1D02B8FB /* [CP] Embed Pods Frameworks */,
			);
			buildRules = (
			);
			dependencies = (
			);
			name = iDC_Project;
			productName = iDC_Project;
			productReference = 457754F629A7813A00EA8AFB /* iDC_Project.app */;
			productType = "com.apple.product-type.application";
		};
/* End PBXNativeTarget section */

/* Begin PBXProject section */
		457754EE29A7813A00EA8AFB /* Project object */ = {
			isa = PBXProject;
			attributes = {
				BuildIndependentTargetsInParallel = 1;
				LastSwiftUpdateCheck = 1420;
				LastUpgradeCheck = 1420;
				TargetAttributes = {
					457754F529A7813A00EA8AFB = {
						CreatedOnToolsVersion = 14.2;
					};
				};
			};
			buildConfigurationList = 457754F129A7813A00EA8AFB /* Build configuration list for PBXProject "iDC_Project" */;
			compatibilityVersion = "Xcode 14.0";
			developmentRegion = en;
			hasScannedForEncodings = 0;
			knownRegions = (
				en,
				Base,
			);
			mainGroup = 457754ED29A7813A00EA8AFB;
			productRefGroup = 457754F729A7813A00EA8AFB /* Products */;
			projectDirPath = "";
			projectRoot = "";
			targets = (
				457754F529A7813A00EA8AFB /* iDC_Project */,
			);
		};
/* End PBXProject section */

/* Begin PBXResourcesBuildPhase section */
		457754F429A7813A00EA8AFB /* Resources */ = {
			isa = PBXResourcesBuildPhase;
			buildActionMask = 2147483647;
			files = (
				4577550629A7813B00EA8AFB /* LaunchScreen.storyboard in Resources */,
				4577550329A7813B00EA8AFB /* Assets.xcassets in Resources */,
			);
			runOnlyForDeploymentPostprocessing = 0;
		};
/* End PBXResourcesBuildPhase section */

/* Begin PBXShellScriptBuildPhase section */
		52C65A1540EE2C662BA5E3F8 /* [CP] Check Pods Manifest.lock */ = {
			isa = PBXShellScriptBuildPhase;
			buildActionMask = 2147483647;
			files = (
			);
			inputFileListPaths = (
			);
			inputPaths = (
				"${PODS_PODFILE_DIR_PATH}/Podfile.lock",
				"${PODS_ROOT}/Manifest.lock",
			);
			name = "[CP] Check Pods Manifest.lock";
			outputFileListPaths = (
			);
			outputPaths = (
				"$(DERIVED_FILE_DIR)/Pods-iDC_Project-checkManifestLockResult.txt",
			);
			runOnlyForDeploymentPostprocessing = 0;
			shellPath = /bin/sh;
			shellScript = "diff \"${PODS_PODFILE_DIR_PATH}/Podfile.lock\" \"${PODS_ROOT}/Manifest.lock\" > /dev/null\nif [ $? != 0 ] ; then\n    # print error to STDERR\n    echo \"error: The sandbox is not in sync with the Podfile.lock. Run 'pod install' or update your CocoaPods installation.\" >&2\n    exit 1\nfi\n# This output is used by Xcode 'outputs' to avoid re-running this script phase.\necho \"SUCCESS\" > \"${SCRIPT_OUTPUT_FILE_0}\"\n";
			showEnvVarsInLog = 0;
		};
		5A86BBD6435BC05D1D02B8FB /* [CP] Embed Pods Frameworks */ = {
			isa = PBXShellScriptBuildPhase;
			buildActionMask = 2147483647;
			files = (
			);
			inputFileListPaths = (
				"${PODS_ROOT}/Target Support Files/Pods-iDC_Project/Pods-iDC_Project-frameworks-${CONFIGURATION}-input-files.xcfilelist",
			);
			name = "[CP] Embed Pods Frameworks";
			outputFileListPaths = (
				"${PODS_ROOT}/Target Support Files/Pods-iDC_Project/Pods-iDC_Project-frameworks-${CONFIGURATION}-output-files.xcfilelist",
			);
			runOnlyForDeploymentPostprocessing = 0;
			shellPath = /bin/sh;
			shellScript = "\"${PODS_ROOT}/Target Support Files/Pods-iDC_Project/Pods-iDC_Project-frameworks.sh\"\n";
			showEnvVarsInLog = 0;
		};
/* End PBXShellScriptBuildPhase section */

/* Begin PBXSourcesBuildPhase section */
		457754F229A7813A00EA8AFB /* Sources */ = {
			isa = PBXSourcesBuildPhase;
			buildActionMask = 2147483647;
			files = (
				457754FE29A7813A00EA8AFB /* HomeViewController.swift in Sources */,
				4577550E29AAE27B00EA8AFB /* TabBarController.swift in Sources */,
				454BAD3629ADC2E500823368 /* PostForm.swift in Sources */,
				454BAD1F29ADA0B100823368 /* AlarmViewController.swift in Sources */,
				45D85C5B29AF273C0057FB15 /* SignViewController.swift in Sources */,
				454BAD3829ADCD4300823368 /* ViewPost.swift in Sources */,
				45139AEB29B1C59F00B0A7D5 /* PostDetailiViewController.swift in Sources */,
				454BAD2829ADA66600823368 /* MessageTableViewCell.swift in Sources */,
				450804DD29B36F6500A0F8B4 /* ViewModelType.swift in Sources */,
				4577551029AAE8C900EA8AFB /* MessageViewController.swift in Sources */,
				454BAD2329ADA1B700823368 /* AddPostViewController.swift in Sources */,
				457754FA29A7813A00EA8AFB /* AppDelegate.swift in Sources */,
				454BAD2C29ADBFBA00823368 /* PostViewModel.swift in Sources */,
				454BAD2A29ADA68000823368 /* AlarmTableViewCell.swift in Sources */,
				454BAD2629ADA64800823368 /* HomeTableViewCell.swift in Sources */,
				45D85C5E29AF667B0057FB15 /* Utils.swift in Sources */,
				454BAD2129ADA0C800823368 /* SettingViewController.swift in Sources */,
				457754FC29A7813A00EA8AFB /* SceneDelegate.swift in Sources */,
			);
			runOnlyForDeploymentPostprocessing = 0;
		};
/* End PBXSourcesBuildPhase section */

/* Begin PBXVariantGroup section */
		4577550429A7813B00EA8AFB /* LaunchScreen.storyboard */ = {
			isa = PBXVariantGroup;
			children = (
				4577550529A7813B00EA8AFB /* Base */,
			);
			name = LaunchScreen.storyboard;
			sourceTree = "<group>";
		};
/* End PBXVariantGroup section */

/* Begin XCBuildConfiguration section */
		4577550829A7813B00EA8AFB /* Debug */ = {
			isa = XCBuildConfiguration;
			buildSettings = {
				ALWAYS_SEARCH_USER_PATHS = NO;
				CLANG_ANALYZER_NONNULL = YES;
				CLANG_ANALYZER_NUMBER_OBJECT_CONVERSION = YES_AGGRESSIVE;
				CLANG_CXX_LANGUAGE_STANDARD = "gnu++20";
				CLANG_ENABLE_MODULES = YES;
				CLANG_ENABLE_OBJC_ARC = YES;
				CLANG_ENABLE_OBJC_WEAK = YES;
				CLANG_WARN_BLOCK_CAPTURE_AUTORELEASING = YES;
				CLANG_WARN_BOOL_CONVERSION = YES;
				CLANG_WARN_COMMA = YES;
				CLANG_WARN_CONSTANT_CONVERSION = YES;
				CLANG_WARN_DEPRECATED_OBJC_IMPLEMENTATIONS = YES;
				CLANG_WARN_DIRECT_OBJC_ISA_USAGE = YES_ERROR;
				CLANG_WARN_DOCUMENTATION_COMMENTS = YES;
				CLANG_WARN_EMPTY_BODY = YES;
				CLANG_WARN_ENUM_CONVERSION = YES;
				CLANG_WARN_INFINITE_RECURSION = YES;
				CLANG_WARN_INT_CONVERSION = YES;
				CLANG_WARN_NON_LITERAL_NULL_CONVERSION = YES;
				CLANG_WARN_OBJC_IMPLICIT_RETAIN_SELF = YES;
				CLANG_WARN_OBJC_LITERAL_CONVERSION = YES;
				CLANG_WARN_OBJC_ROOT_CLASS = YES_ERROR;
				CLANG_WARN_QUOTED_INCLUDE_IN_FRAMEWORK_HEADER = YES;
				CLANG_WARN_RANGE_LOOP_ANALYSIS = YES;
				CLANG_WARN_STRICT_PROTOTYPES = YES;
				CLANG_WARN_SUSPICIOUS_MOVE = YES;
				CLANG_WARN_UNGUARDED_AVAILABILITY = YES_AGGRESSIVE;
				CLANG_WARN_UNREACHABLE_CODE = YES;
				CLANG_WARN__DUPLICATE_METHOD_MATCH = YES;
				COPY_PHASE_STRIP = NO;
				DEBUG_INFORMATION_FORMAT = dwarf;
				ENABLE_STRICT_OBJC_MSGSEND = YES;
				ENABLE_TESTABILITY = YES;
				GCC_C_LANGUAGE_STANDARD = gnu11;
				GCC_DYNAMIC_NO_PIC = NO;
				GCC_NO_COMMON_BLOCKS = YES;
				GCC_OPTIMIZATION_LEVEL = 0;
				GCC_PREPROCESSOR_DEFINITIONS = (
					"DEBUG=1",
					"$(inherited)",
				);
				GCC_WARN_64_TO_32_BIT_CONVERSION = YES;
				GCC_WARN_ABOUT_RETURN_TYPE = YES_ERROR;
				GCC_WARN_UNDECLARED_SELECTOR = YES;
				GCC_WARN_UNINITIALIZED_AUTOS = YES_AGGRESSIVE;
				GCC_WARN_UNUSED_FUNCTION = YES;
				GCC_WARN_UNUSED_VARIABLE = YES;
				IPHONEOS_DEPLOYMENT_TARGET = 16.2;
				MTL_ENABLE_DEBUG_INFO = INCLUDE_SOURCE;
				MTL_FAST_MATH = YES;
				ONLY_ACTIVE_ARCH = YES;
				SDKROOT = iphoneos;
				SWIFT_ACTIVE_COMPILATION_CONDITIONS = DEBUG;
				SWIFT_OPTIMIZATION_LEVEL = "-Onone";
			};
			name = Debug;
		};
		4577550929A7813B00EA8AFB /* Release */ = {
			isa = XCBuildConfiguration;
			buildSettings = {
				ALWAYS_SEARCH_USER_PATHS = NO;
				CLANG_ANALYZER_NONNULL = YES;
				CLANG_ANALYZER_NUMBER_OBJECT_CONVERSION = YES_AGGRESSIVE;
				CLANG_CXX_LANGUAGE_STANDARD = "gnu++20";
				CLANG_ENABLE_MODULES = YES;
				CLANG_ENABLE_OBJC_ARC = YES;
				CLANG_ENABLE_OBJC_WEAK = YES;
				CLANG_WARN_BLOCK_CAPTURE_AUTORELEASING = YES;
				CLANG_WARN_BOOL_CONVERSION = YES;
				CLANG_WARN_COMMA = YES;
				CLANG_WARN_CONSTANT_CONVERSION = YES;
				CLANG_WARN_DEPRECATED_OBJC_IMPLEMENTATIONS = YES;
				CLANG_WARN_DIRECT_OBJC_ISA_USAGE = YES_ERROR;
				CLANG_WARN_DOCUMENTATION_COMMENTS = YES;
				CLANG_WARN_EMPTY_BODY = YES;
				CLANG_WARN_ENUM_CONVERSION = YES;
				CLANG_WARN_INFINITE_RECURSION = YES;
				CLANG_WARN_INT_CONVERSION = YES;
				CLANG_WARN_NON_LITERAL_NULL_CONVERSION = YES;
				CLANG_WARN_OBJC_IMPLICIT_RETAIN_SELF = YES;
				CLANG_WARN_OBJC_LITERAL_CONVERSION = YES;
				CLANG_WARN_OBJC_ROOT_CLASS = YES_ERROR;
				CLANG_WARN_QUOTED_INCLUDE_IN_FRAMEWORK_HEADER = YES;
				CLANG_WARN_RANGE_LOOP_ANALYSIS = YES;
				CLANG_WARN_STRICT_PROTOTYPES = YES;
				CLANG_WARN_SUSPICIOUS_MOVE = YES;
				CLANG_WARN_UNGUARDED_AVAILABILITY = YES_AGGRESSIVE;
				CLANG_WARN_UNREACHABLE_CODE = YES;
				CLANG_WARN__DUPLICATE_METHOD_MATCH = YES;
				COPY_PHASE_STRIP = NO;
				DEBUG_INFORMATION_FORMAT = "dwarf-with-dsym";
				ENABLE_NS_ASSERTIONS = NO;
				ENABLE_STRICT_OBJC_MSGSEND = YES;
				GCC_C_LANGUAGE_STANDARD = gnu11;
				GCC_NO_COMMON_BLOCKS = YES;
				GCC_WARN_64_TO_32_BIT_CONVERSION = YES;
				GCC_WARN_ABOUT_RETURN_TYPE = YES_ERROR;
				GCC_WARN_UNDECLARED_SELECTOR = YES;
				GCC_WARN_UNINITIALIZED_AUTOS = YES_AGGRESSIVE;
				GCC_WARN_UNUSED_FUNCTION = YES;
				GCC_WARN_UNUSED_VARIABLE = YES;
				IPHONEOS_DEPLOYMENT_TARGET = 16.2;
				MTL_ENABLE_DEBUG_INFO = NO;
				MTL_FAST_MATH = YES;
				SDKROOT = iphoneos;
				SWIFT_COMPILATION_MODE = wholemodule;
				SWIFT_OPTIMIZATION_LEVEL = "-O";
				VALIDATE_PRODUCT = YES;
			};
			name = Release;
		};
		4577550B29A7813B00EA8AFB /* Debug */ = {
			isa = XCBuildConfiguration;
			baseConfigurationReference = 60EC35E378E18D626A2A9CDF /* Pods-iDC_Project.debug.xcconfig */;
			buildSettings = {
				ASSETCATALOG_COMPILER_APPICON_NAME = AppIcon;
				ASSETCATALOG_COMPILER_GLOBAL_ACCENT_COLOR_NAME = AccentColor;
				CODE_SIGN_STYLE = Automatic;
				CURRENT_PROJECT_VERSION = 1;
				GENERATE_INFOPLIST_FILE = YES;
				INFOPLIST_FILE = iDC_Project/Info.plist;
				INFOPLIST_KEY_UIApplicationSupportsIndirectInputEvents = YES;
				INFOPLIST_KEY_UILaunchStoryboardName = LaunchScreen;
				INFOPLIST_KEY_UIMainStoryboardFile = "";
				INFOPLIST_KEY_UISupportedInterfaceOrientations_iPad = "UIInterfaceOrientationPortrait UIInterfaceOrientationPortraitUpsideDown UIInterfaceOrientationLandscapeLeft UIInterfaceOrientationLandscapeRight";
				INFOPLIST_KEY_UISupportedInterfaceOrientations_iPhone = "UIInterfaceOrientationPortrait UIInterfaceOrientationLandscapeLeft UIInterfaceOrientationLandscapeRight";
				LD_RUNPATH_SEARCH_PATHS = (
					"$(inherited)",
					"@executable_path/Frameworks",
				);
				MARKETING_VERSION = 1.0;
				PRODUCT_BUNDLE_IDENTIFIER = "com.hyeonsu.iDC-Project";
				PRODUCT_NAME = "$(TARGET_NAME)";
				SWIFT_EMIT_LOC_STRINGS = YES;
				SWIFT_VERSION = 5.0;
				TARGETED_DEVICE_FAMILY = "1,2";
			};
			name = Debug;
		};
		4577550C29A7813B00EA8AFB /* Release */ = {
			isa = XCBuildConfiguration;
			baseConfigurationReference = 3B2F435EE178C706A92DA3A2 /* Pods-iDC_Project.release.xcconfig */;
			buildSettings = {
				ASSETCATALOG_COMPILER_APPICON_NAME = AppIcon;
				ASSETCATALOG_COMPILER_GLOBAL_ACCENT_COLOR_NAME = AccentColor;
				CODE_SIGN_STYLE = Automatic;
				CURRENT_PROJECT_VERSION = 1;
				GENERATE_INFOPLIST_FILE = YES;
				INFOPLIST_FILE = iDC_Project/Info.plist;
				INFOPLIST_KEY_UIApplicationSupportsIndirectInputEvents = YES;
				INFOPLIST_KEY_UILaunchStoryboardName = LaunchScreen;
				INFOPLIST_KEY_UIMainStoryboardFile = "";
				INFOPLIST_KEY_UISupportedInterfaceOrientations_iPad = "UIInterfaceOrientationPortrait UIInterfaceOrientationPortraitUpsideDown UIInterfaceOrientationLandscapeLeft UIInterfaceOrientationLandscapeRight";
				INFOPLIST_KEY_UISupportedInterfaceOrientations_iPhone = "UIInterfaceOrientationPortrait UIInterfaceOrientationLandscapeLeft UIInterfaceOrientationLandscapeRight";
				LD_RUNPATH_SEARCH_PATHS = (
					"$(inherited)",
					"@executable_path/Frameworks",
				);
				MARKETING_VERSION = 1.0;
				PRODUCT_BUNDLE_IDENTIFIER = "com.hyeonsu.iDC-Project";
				PRODUCT_NAME = "$(TARGET_NAME)";
				SWIFT_EMIT_LOC_STRINGS = YES;
				SWIFT_VERSION = 5.0;
				TARGETED_DEVICE_FAMILY = "1,2";
			};
			name = Release;
		};
/* End XCBuildConfiguration section */

/* Begin XCConfigurationList section */
		457754F129A7813A00EA8AFB /* Build configuration list for PBXProject "iDC_Project" */ = {
			isa = XCConfigurationList;
			buildConfigurations = (
				4577550829A7813B00EA8AFB /* Debug */,
				4577550929A7813B00EA8AFB /* Release */,
			);
			defaultConfigurationIsVisible = 0;
			defaultConfigurationName = Release;
		};
		4577550A29A7813B00EA8AFB /* Build configuration list for PBXNativeTarget "iDC_Project" */ = {
			isa = XCConfigurationList;
			buildConfigurations = (
				4577550B29A7813B00EA8AFB /* Debug */,
				4577550C29A7813B00EA8AFB /* Release */,
			);
			defaultConfigurationIsVisible = 0;
			defaultConfigurationName = Release;
		};
/* End XCConfigurationList section */
	};
	rootObject = 457754EE29A7813A00EA8AFB /* Project object */;
}
